
Microsoft Visual Studio Solution File, Format Version 12.00
# Visual Studio 15
VisualStudioVersion = 15.0.34829.251
MinimumVisualStudioVersion = 10.0.40219.1
Project("{159641D6-6404-4A2A-AE62-294DE0FE8301}") = "RMB-Capital-MSCRM Data migration", "RMB-Capital-MSCRM Data migration\RMB-Capital-MSCRM Data migration.dtproj", "{9B84D3BD-554D-4CDB-96F2-E22F93A784FE}"
EndProject
Global
	GlobalSection(SolutionConfigurationPlatforms) = preSolution
		Development|Default = Development|Default
	EndGlobalSection
	GlobalSection(ProjectConfigurationPlatforms) = postSolution
		{9B84D3BD-554D-4CDB-96F2-E22F93A784FE}.Development|Default.ActiveCfg = Development
		{9B84D3BD-554D-4CDB-96F2-E22F93A784FE}.Development|Default.Build.0 = Development
	EndGlobalSection
	GlobalSection(SolutionProperties) = preSolution
		HideSolutionNode = FALSE
	EndGlobalSection
	GlobalSection(ExtensibilityGlobals) = postSolution
		SolutionGuid = {F535358F-49B3-4590-A571-B68348B53A59}
	EndGlobalSection
EndGlobal
